// !$*UTF8*$!
{
	archiveVersion = 1;
	classes = {
	};
	objectVersion = 55;
	objects = {

/* Begin PBXBuildFile section */
		4B865D572ADC53B700B23C12 /* InterstitialAd.swift in Sources */ = {isa = PBXBuildFile; fileRef = 4B865D562ADC53B700B23C12 /* InterstitialAd.swift */; };
		4B865D582ADC53B700B23C12 /* InterstitialAd.swift in Sources */ = {isa = PBXBuildFile; fileRef = 4B865D562ADC53B700B23C12 /* InterstitialAd.swift */; };
		4BD50E2A27CFAB81000A5A4F /* Tests_iOS.swift in Sources */ = {isa = PBXBuildFile; fileRef = 4BD50E2927CFAB81000A5A4F /* Tests_iOS.swift */; };
		4BD50E2C27CFAB81000A5A4F /* Tests_iOSLaunchTests.swift in Sources */ = {isa = PBXBuildFile; fileRef = 4BD50E2B27CFAB81000A5A4F /* Tests_iOSLaunchTests.swift */; };
		4BD50E3627CFAB81000A5A4F /* Tests_macOS.swift in Sources */ = {isa = PBXBuildFile; fileRef = 4BD50E3527CFAB81000A5A4F /* Tests_macOS.swift */; };
		4BD50E3827CFAB81000A5A4F /* Tests_macOSLaunchTests.swift in Sources */ = {isa = PBXBuildFile; fileRef = 4BD50E3727CFAB81000A5A4F /* Tests_macOSLaunchTests.swift */; };
		4BD50E3927CFAB81000A5A4F /* RouletteArrowApp.swift in Sources */ = {isa = PBXBuildFile; fileRef = 4BD50E1127CFAB80000A5A4F /* RouletteArrowApp.swift */; };
		4BD50E3A27CFAB81000A5A4F /* RouletteArrowApp.swift in Sources */ = {isa = PBXBuildFile; fileRef = 4BD50E1127CFAB80000A5A4F /* RouletteArrowApp.swift */; };
		4BD50E3B27CFAB81000A5A4F /* ContentView.swift in Sources */ = {isa = PBXBuildFile; fileRef = 4BD50E1227CFAB80000A5A4F /* ContentView.swift */; };
		4BD50E3C27CFAB81000A5A4F /* ContentView.swift in Sources */ = {isa = PBXBuildFile; fileRef = 4BD50E1227CFAB80000A5A4F /* ContentView.swift */; };
		4BD50E3D27CFAB81000A5A4F /* Assets.xcassets in Resources */ = {isa = PBXBuildFile; fileRef = 4BD50E1327CFAB81000A5A4F /* Assets.xcassets */; };
		4BD50E3E27CFAB81000A5A4F /* Assets.xcassets in Resources */ = {isa = PBXBuildFile; fileRef = 4BD50E1327CFAB81000A5A4F /* Assets.xcassets */; };
		6B2B1E7B5FCA8DE83DB2FCBC /* Pods_RouletteArrow__macOS_.framework in Frameworks */ = {isa = PBXBuildFile; fileRef = 2D7928D3F631523DAE08CE5E /* Pods_RouletteArrow__macOS_.framework */; };
		AADF8BF06B09778D4C4A870A /* Pods_RouletteArrow__iOS_.framework in Frameworks */ = {isa = PBXBuildFile; fileRef = 1D169DF7C55EC88EB0DB79E8 /* Pods_RouletteArrow__iOS_.framework */; };
/* End PBXBuildFile section */

/* Begin PBXContainerItemProxy section */
		4BD50E2627CFAB81000A5A4F /* PBXContainerItemProxy */ = {
			isa = PBXContainerItemProxy;
			containerPortal = 4BD50E0C27CFAB7F000A5A4F /* Project object */;
			proxyType = 1;
			remoteGlobalIDString = 4BD50E1727CFAB81000A5A4F;
			remoteInfo = "RouletteArrow (iOS)";
		};
		4BD50E3227CFAB81000A5A4F /* PBXContainerItemProxy */ = {
			isa = PBXContainerItemProxy;
			containerPortal = 4BD50E0C27CFAB7F000A5A4F /* Project object */;
			proxyType = 1;
			remoteGlobalIDString = 4BD50E1D27CFAB81000A5A4F;
			remoteInfo = "RouletteArrow (macOS)";
		};
/* End PBXContainerItemProxy section */

/* Begin PBXFileReference section */
		06E158E7AE798EFCCD8BD4A9 /* Pods-RouletteArrow (macOS).release.xcconfig */ = {isa = PBXFileReference; includeInIndex = 1; lastKnownFileType = text.xcconfig; name = "Pods-RouletteArrow (macOS).release.xcconfig"; path = "Target Support Files/Pods-RouletteArrow (macOS)/Pods-RouletteArrow (macOS).release.xcconfig"; sourceTree = "<group>"; };
		1D169DF7C55EC88EB0DB79E8 /* Pods_RouletteArrow__iOS_.framework */ = {isa = PBXFileReference; explicitFileType = wrapper.framework; includeInIndex = 0; path = Pods_RouletteArrow__iOS_.framework; sourceTree = BUILT_PRODUCTS_DIR; };
		2D7928D3F631523DAE08CE5E /* Pods_RouletteArrow__macOS_.framework */ = {isa = PBXFileReference; explicitFileType = wrapper.framework; includeInIndex = 0; path = Pods_RouletteArrow__macOS_.framework; sourceTree = BUILT_PRODUCTS_DIR; };
		4B865D562ADC53B700B23C12 /* InterstitialAd.swift */ = {isa = PBXFileReference; lastKnownFileType = sourcecode.swift; path = InterstitialAd.swift; sourceTree = "<group>"; };
		4BD50E1127CFAB80000A5A4F /* RouletteArrowApp.swift */ = {isa = PBXFileReference; lastKnownFileType = sourcecode.swift; path = RouletteArrowApp.swift; sourceTree = "<group>"; };
		4BD50E1227CFAB80000A5A4F /* ContentView.swift */ = {isa = PBXFileReference; lastKnownFileType = sourcecode.swift; path = ContentView.swift; sourceTree = "<group>"; };
		4BD50E1327CFAB81000A5A4F /* Assets.xcassets */ = {isa = PBXFileReference; lastKnownFileType = folder.assetcatalog; path = Assets.xcassets; sourceTree = "<group>"; };
		4BD50E1827CFAB81000A5A4F /* RouletteArrow.app */ = {isa = PBXFileReference; explicitFileType = wrapper.application; includeInIndex = 0; path = RouletteArrow.app; sourceTree = BUILT_PRODUCTS_DIR; };
		4BD50E1E27CFAB81000A5A4F /* RouletteArrow.app */ = {isa = PBXFileReference; explicitFileType = wrapper.application; includeInIndex = 0; path = RouletteArrow.app; sourceTree = BUILT_PRODUCTS_DIR; };
		4BD50E2027CFAB81000A5A4F /* macOS.entitlements */ = {isa = PBXFileReference; lastKnownFileType = text.plist.entitlements; path = macOS.entitlements; sourceTree = "<group>"; };
		4BD50E2527CFAB81000A5A4F /* Tests iOS.xctest */ = {isa = PBXFileReference; explicitFileType = wrapper.cfbundle; includeInIndex = 0; path = "Tests iOS.xctest"; sourceTree = BUILT_PRODUCTS_DIR; };
		4BD50E2927CFAB81000A5A4F /* Tests_iOS.swift */ = {isa = PBXFileReference; lastKnownFileType = sourcecode.swift; path = Tests_iOS.swift; sourceTree = "<group>"; };
		4BD50E2B27CFAB81000A5A4F /* Tests_iOSLaunchTests.swift */ = {isa = PBXFileReference; lastKnownFileType = sourcecode.swift; path = Tests_iOSLaunchTests.swift; sourceTree = "<group>"; };
		4BD50E3127CFAB81000A5A4F /* Tests macOS.xctest */ = {isa = PBXFileReference; explicitFileType = wrapper.cfbundle; includeInIndex = 0; path = "Tests macOS.xctest"; sourceTree = BUILT_PRODUCTS_DIR; };
		4BD50E3527CFAB81000A5A4F /* Tests_macOS.swift */ = {isa = PBXFileReference; lastKnownFileType = sourcecode.swift; path = Tests_macOS.swift; sourceTree = "<group>"; };
		4BD50E3727CFAB81000A5A4F /* Tests_macOSLaunchTests.swift */ = {isa = PBXFileReference; lastKnownFileType = sourcecode.swift; path = Tests_macOSLaunchTests.swift; sourceTree = "<group>"; };
		4BD50E4D27D1C336000A5A4F /* RouletteArrow--iOS--Info.plist */ = {isa = PBXFileReference; lastKnownFileType = text.plist; path = "RouletteArrow--iOS--Info.plist"; sourceTree = "<group>"; };
		927841F6BEA058B631CB2600 /* Pods-RouletteArrow (iOS).debug.xcconfig */ = {isa = PBXFileReference; includeInIndex = 1; lastKnownFileType = text.xcconfig; name = "Pods-RouletteArrow (iOS).debug.xcconfig"; path = "Target Support Files/Pods-RouletteArrow (iOS)/Pods-RouletteArrow (iOS).debug.xcconfig"; sourceTree = "<group>"; };
		CC614336D61ECEC576153CA7 /* Pods-RouletteArrow (macOS).debug.xcconfig */ = {isa = PBXFileReference; includeInIndex = 1; lastKnownFileType = text.xcconfig; name = "Pods-RouletteArrow (macOS).debug.xcconfig"; path = "Target Support Files/Pods-RouletteArrow (macOS)/Pods-RouletteArrow (macOS).debug.xcconfig"; sourceTree = "<group>"; };
		DDEBFD15859C3EA408C5EC8B /* Pods-RouletteArrow (iOS).release.xcconfig */ = {isa = PBXFileReference; includeInIndex = 1; lastKnownFileType = text.xcconfig; name = "Pods-RouletteArrow (iOS).release.xcconfig"; path = "Target Support Files/Pods-RouletteArrow (iOS)/Pods-RouletteArrow (iOS).release.xcconfig"; sourceTree = "<group>"; };
/* End PBXFileReference section */

/* Begin PBXFrameworksBuildPhase section */
		4BD50E1527CFAB81000A5A4F /* Frameworks */ = {
			isa = PBXFrameworksBuildPhase;
			buildActionMask = 2147483647;
			files = (
				AADF8BF06B09778D4C4A870A /* Pods_RouletteArrow__iOS_.framework in Frameworks */,
			);
			runOnlyForDeploymentPostprocessing = 0;
		};
		4BD50E1B27CFAB81000A5A4F /* Frameworks */ = {
			isa = PBXFrameworksBuildPhase;
			buildActionMask = 2147483647;
			files = (
				6B2B1E7B5FCA8DE83DB2FCBC /* Pods_RouletteArrow__macOS_.framework in Frameworks */,
			);
			runOnlyForDeploymentPostprocessing = 0;
		};
		4BD50E2227CFAB81000A5A4F /* Frameworks */ = {
			isa = PBXFrameworksBuildPhase;
			buildActionMask = 2147483647;
			files = (
			);
			runOnlyForDeploymentPostprocessing = 0;
		};
		4BD50E2E27CFAB81000A5A4F /* Frameworks */ = {
			isa = PBXFrameworksBuildPhase;
			buildActionMask = 2147483647;
			files = (
			);
			runOnlyForDeploymentPostprocessing = 0;
		};
/* End PBXFrameworksBuildPhase section */

/* Begin PBXGroup section */
		4BD50E0B27CFAB7F000A5A4F = {
			isa = PBXGroup;
			children = (
				4BD50E4D27D1C336000A5A4F /* RouletteArrow--iOS--Info.plist */,
				4BD50E1027CFAB80000A5A4F /* Shared */,
				4BD50E1F27CFAB81000A5A4F /* macOS */,
				4BD50E2827CFAB81000A5A4F /* Tests iOS */,
				4BD50E3427CFAB81000A5A4F /* Tests macOS */,
				4BD50E1927CFAB81000A5A4F /* Products */,
				5327EFE34C9E4A951BEE8601 /* Pods */,
				C9B9C6B24F77B92F948C96B2 /* Frameworks */,
			);
			sourceTree = "<group>";
		};
		4BD50E1027CFAB80000A5A4F /* Shared */ = {
			isa = PBXGroup;
			children = (
				4BD50E1127CFAB80000A5A4F /* RouletteArrowApp.swift */,
				4BD50E1227CFAB80000A5A4F /* ContentView.swift */,
				4B865D562ADC53B700B23C12 /* InterstitialAd.swift */,
				4BD50E1327CFAB81000A5A4F /* Assets.xcassets */,
			);
			path = Shared;
			sourceTree = "<group>";
		};
		4BD50E1927CFAB81000A5A4F /* Products */ = {
			isa = PBXGroup;
			children = (
				4BD50E1827CFAB81000A5A4F /* RouletteArrow.app */,
				4BD50E1E27CFAB81000A5A4F /* RouletteArrow.app */,
				4BD50E2527CFAB81000A5A4F /* Tests iOS.xctest */,
				4BD50E3127CFAB81000A5A4F /* Tests macOS.xctest */,
			);
			name = Products;
			sourceTree = "<group>";
		};
		4BD50E1F27CFAB81000A5A4F /* macOS */ = {
			isa = PBXGroup;
			children = (
				4BD50E2027CFAB81000A5A4F /* macOS.entitlements */,
			);
			path = macOS;
			sourceTree = "<group>";
		};
		4BD50E2827CFAB81000A5A4F /* Tests iOS */ = {
			isa = PBXGroup;
			children = (
				4BD50E2927CFAB81000A5A4F /* Tests_iOS.swift */,
				4BD50E2B27CFAB81000A5A4F /* Tests_iOSLaunchTests.swift */,
			);
			path = "Tests iOS";
			sourceTree = "<group>";
		};
		4BD50E3427CFAB81000A5A4F /* Tests macOS */ = {
			isa = PBXGroup;
			children = (
				4BD50E3527CFAB81000A5A4F /* Tests_macOS.swift */,
				4BD50E3727CFAB81000A5A4F /* Tests_macOSLaunchTests.swift */,
			);
			path = "Tests macOS";
			sourceTree = "<group>";
		};
		5327EFE34C9E4A951BEE8601 /* Pods */ = {
			isa = PBXGroup;
			children = (
				927841F6BEA058B631CB2600 /* Pods-RouletteArrow (iOS).debug.xcconfig */,
				DDEBFD15859C3EA408C5EC8B /* Pods-RouletteArrow (iOS).release.xcconfig */,
				CC614336D61ECEC576153CA7 /* Pods-RouletteArrow (macOS).debug.xcconfig */,
				06E158E7AE798EFCCD8BD4A9 /* Pods-RouletteArrow (macOS).release.xcconfig */,
			);
			path = Pods;
			sourceTree = "<group>";
		};
		C9B9C6B24F77B92F948C96B2 /* Frameworks */ = {
			isa = PBXGroup;
			children = (
				1D169DF7C55EC88EB0DB79E8 /* Pods_RouletteArrow__iOS_.framework */,
				2D7928D3F631523DAE08CE5E /* Pods_RouletteArrow__macOS_.framework */,
			);
			name = Frameworks;
			sourceTree = "<group>";
		};
/* End PBXGroup section */

/* Begin PBXNativeTarget section */
		4BD50E1727CFAB81000A5A4F /* RouletteArrow (iOS) */ = {
			isa = PBXNativeTarget;
			buildConfigurationList = 4BD50E4127CFAB81000A5A4F /* Build configuration list for PBXNativeTarget "RouletteArrow (iOS)" */;
			buildPhases = (
				9DDE27D023CB5FA76E697FF7 /* [CP] Check Pods Manifest.lock */,
				4BD50E1427CFAB81000A5A4F /* Sources */,
				4BD50E1527CFAB81000A5A4F /* Frameworks */,
				4BD50E1627CFAB81000A5A4F /* Resources */,
				4AFE79F9716BC99E1446F0BA /* [CP] Embed Pods Frameworks */,
			);
			buildRules = (
			);
			dependencies = (
			);
			name = "RouletteArrow (iOS)";
			productName = "RouletteArrow (iOS)";
			productReference = 4BD50E1827CFAB81000A5A4F /* RouletteArrow.app */;
			productType = "com.apple.product-type.application";
		};
		4BD50E1D27CFAB81000A5A4F /* RouletteArrow (macOS) */ = {
			isa = PBXNativeTarget;
			buildConfigurationList = 4BD50E4427CFAB81000A5A4F /* Build configuration list for PBXNativeTarget "RouletteArrow (macOS)" */;
			buildPhases = (
				F96FBA1365ABEF9F5CF8A279 /* [CP] Check Pods Manifest.lock */,
				4BD50E1A27CFAB81000A5A4F /* Sources */,
				4BD50E1B27CFAB81000A5A4F /* Frameworks */,
				4BD50E1C27CFAB81000A5A4F /* Resources */,
			);
			buildRules = (
			);
			dependencies = (
			);
			name = "RouletteArrow (macOS)";
			productName = "RouletteArrow (macOS)";
			productReference = 4BD50E1E27CFAB81000A5A4F /* RouletteArrow.app */;
			productType = "com.apple.product-type.application";
		};
		4BD50E2427CFAB81000A5A4F /* Tests iOS */ = {
			isa = PBXNativeTarget;
			buildConfigurationList = 4BD50E4727CFAB81000A5A4F /* Build configuration list for PBXNativeTarget "Tests iOS" */;
			buildPhases = (
				4BD50E2127CFAB81000A5A4F /* Sources */,
				4BD50E2227CFAB81000A5A4F /* Frameworks */,
				4BD50E2327CFAB81000A5A4F /* Resources */,
			);
			buildRules = (
			);
			dependencies = (
				4BD50E2727CFAB81000A5A4F /* PBXTargetDependency */,
			);
			name = "Tests iOS";
			productName = "Tests iOS";
			productReference = 4BD50E2527CFAB81000A5A4F /* Tests iOS.xctest */;
			productType = "com.apple.product-type.bundle.ui-testing";
		};
		4BD50E3027CFAB81000A5A4F /* Tests macOS */ = {
			isa = PBXNativeTarget;
			buildConfigurationList = 4BD50E4A27CFAB81000A5A4F /* Build configuration list for PBXNativeTarget "Tests macOS" */;
			buildPhases = (
				4BD50E2D27CFAB81000A5A4F /* Sources */,
				4BD50E2E27CFAB81000A5A4F /* Frameworks */,
				4BD50E2F27CFAB81000A5A4F /* Resources */,
			);
			buildRules = (
			);
			dependencies = (
				4BD50E3327CFAB81000A5A4F /* PBXTargetDependency */,
			);
			name = "Tests macOS";
			productName = "Tests macOS";
			productReference = 4BD50E3127CFAB81000A5A4F /* Tests macOS.xctest */;
			productType = "com.apple.product-type.bundle.ui-testing";
		};
/* End PBXNativeTarget section */

/* Begin PBXProject section */
		4BD50E0C27CFAB7F000A5A4F /* Project object */ = {
			isa = PBXProject;
			attributes = {
				BuildIndependentTargetsInParallel = 1;
				LastSwiftUpdateCheck = 1320;
				LastUpgradeCheck = 1500;
				TargetAttributes = {
					4BD50E1727CFAB81000A5A4F = {
						CreatedOnToolsVersion = 13.2.1;
					};
					4BD50E1D27CFAB81000A5A4F = {
						CreatedOnToolsVersion = 13.2.1;
					};
					4BD50E2427CFAB81000A5A4F = {
						CreatedOnToolsVersion = 13.2.1;
						TestTargetID = 4BD50E1727CFAB81000A5A4F;
					};
					4BD50E3027CFAB81000A5A4F = {
						CreatedOnToolsVersion = 13.2.1;
						TestTargetID = 4BD50E1D27CFAB81000A5A4F;
					};
				};
			};
			buildConfigurationList = 4BD50E0F27CFAB7F000A5A4F /* Build configuration list for PBXProject "RouletteArrow" */;
			compatibilityVersion = "Xcode 13.0";
			developmentRegion = en;
			hasScannedForEncodings = 0;
			knownRegions = (
				en,
				Base,
			);
			mainGroup = 4BD50E0B27CFAB7F000A5A4F;
			productRefGroup = 4BD50E1927CFAB81000A5A4F /* Products */;
			projectDirPath = "";
			projectRoot = "";
			targets = (
				4BD50E1727CFAB81000A5A4F /* RouletteArrow (iOS) */,
				4BD50E1D27CFAB81000A5A4F /* RouletteArrow (macOS) */,
				4BD50E2427CFAB81000A5A4F /* Tests iOS */,
				4BD50E3027CFAB81000A5A4F /* Tests macOS */,
			);
		};
/* End PBXProject section */

/* Begin PBXResourcesBuildPhase section */
		4BD50E1627CFAB81000A5A4F /* Resources */ = {
			isa = PBXResourcesBuildPhase;
			buildActionMask = 2147483647;
			files = (
				4BD50E3D27CFAB81000A5A4F /* Assets.xcassets in Resources */,
			);
			runOnlyForDeploymentPostprocessing = 0;
		};
		4BD50E1C27CFAB81000A5A4F /* Resources */ = {
			isa = PBXResourcesBuildPhase;
			buildActionMask = 2147483647;
			files = (
				4BD50E3E27CFAB81000A5A4F /* Assets.xcassets in Resources */,
			);
			runOnlyForDeploymentPostprocessing = 0;
		};
		4BD50E2327CFAB81000A5A4F /* Resources */ = {
			isa = PBXResourcesBuildPhase;
			buildActionMask = 2147483647;
			files = (
			);
			runOnlyForDeploymentPostprocessing = 0;
		};
		4BD50E2F27CFAB81000A5A4F /* Resources */ = {
			isa = PBXResourcesBuildPhase;
			buildActionMask = 2147483647;
			files = (
			);
			runOnlyForDeploymentPostprocessing = 0;
		};
/* End PBXResourcesBuildPhase section */

/* Begin PBXShellScriptBuildPhase section */
		4AFE79F9716BC99E1446F0BA /* [CP] Embed Pods Frameworks */ = {
			isa = PBXShellScriptBuildPhase;
			buildActionMask = 2147483647;
			files = (
			);
			inputFileListPaths = (
				"${PODS_ROOT}/Target Support Files/Pods-RouletteArrow (iOS)/Pods-RouletteArrow (iOS)-frameworks-${CONFIGURATION}-input-files.xcfilelist",
			);
			name = "[CP] Embed Pods Frameworks";
			outputFileListPaths = (
				"${PODS_ROOT}/Target Support Files/Pods-RouletteArrow (iOS)/Pods-RouletteArrow (iOS)-frameworks-${CONFIGURATION}-output-files.xcfilelist",
			);
			runOnlyForDeploymentPostprocessing = 0;
			shellPath = /bin/sh;
			shellScript = "\"${PODS_ROOT}/Target Support Files/Pods-RouletteArrow (iOS)/Pods-RouletteArrow (iOS)-frameworks.sh\"\n";
			showEnvVarsInLog = 0;
		};
		9DDE27D023CB5FA76E697FF7 /* [CP] Check Pods Manifest.lock */ = {
			isa = PBXShellScriptBuildPhase;
			buildActionMask = 2147483647;
			files = (
			);
			inputFileListPaths = (
			);
			inputPaths = (
				"${PODS_PODFILE_DIR_PATH}/Podfile.lock",
				"${PODS_ROOT}/Manifest.lock",
			);
			name = "[CP] Check Pods Manifest.lock";
			outputFileListPaths = (
			);
			outputPaths = (
				"$(DERIVED_FILE_DIR)/Pods-RouletteArrow (iOS)-checkManifestLockResult.txt",
			);
			runOnlyForDeploymentPostprocessing = 0;
			shellPath = /bin/sh;
			shellScript = "diff \"${PODS_PODFILE_DIR_PATH}/Podfile.lock\" \"${PODS_ROOT}/Manifest.lock\" > /dev/null\nif [ $? != 0 ] ; then\n    # print error to STDERR\n    echo \"error: The sandbox is not in sync with the Podfile.lock. Run 'pod install' or update your CocoaPods installation.\" >&2\n    exit 1\nfi\n# This output is used by Xcode 'outputs' to avoid re-running this script phase.\necho \"SUCCESS\" > \"${SCRIPT_OUTPUT_FILE_0}\"\n";
			showEnvVarsInLog = 0;
		};
		F96FBA1365ABEF9F5CF8A279 /* [CP] Check Pods Manifest.lock */ = {
			isa = PBXShellScriptBuildPhase;
			buildActionMask = 2147483647;
			files = (
			);
			inputFileListPaths = (
			);
			inputPaths = (
				"${PODS_PODFILE_DIR_PATH}/Podfile.lock",
				"${PODS_ROOT}/Manifest.lock",
			);
			name = "[CP] Check Pods Manifest.lock";
			outputFileListPaths = (
			);
			outputPaths = (
				"$(DERIVED_FILE_DIR)/Pods-RouletteArrow (macOS)-checkManifestLockResult.txt",
			);
			runOnlyForDeploymentPostprocessing = 0;
			shellPath = /bin/sh;
			shellScript = "diff \"${PODS_PODFILE_DIR_PATH}/Podfile.lock\" \"${PODS_ROOT}/Manifest.lock\" > /dev/null\nif [ $? != 0 ] ; then\n    # print error to STDERR\n    echo \"error: The sandbox is not in sync with the Podfile.lock. Run 'pod install' or update your CocoaPods installation.\" >&2\n    exit 1\nfi\n# This output is used by Xcode 'outputs' to avoid re-running this script phase.\necho \"SUCCESS\" > \"${SCRIPT_OUTPUT_FILE_0}\"\n";
			showEnvVarsInLog = 0;
		};
/* End PBXShellScriptBuildPhase section */

/* Begin PBXSourcesBuildPhase section */
		4BD50E1427CFAB81000A5A4F /* Sources */ = {
			isa = PBXSourcesBuildPhase;
			buildActionMask = 2147483647;
			files = (
				4BD50E3B27CFAB81000A5A4F /* ContentView.swift in Sources */,
				4B865D572ADC53B700B23C12 /* InterstitialAd.swift in Sources */,
				4BD50E3927CFAB81000A5A4F /* RouletteArrowApp.swift in Sources */,
			);
			runOnlyForDeploymentPostprocessing = 0;
		};
		4BD50E1A27CFAB81000A5A4F /* Sources */ = {
			isa = PBXSourcesBuildPhase;
			buildActionMask = 2147483647;
			files = (
				4BD50E3C27CFAB81000A5A4F /* ContentView.swift in Sources */,
				4B865D582ADC53B700B23C12 /* InterstitialAd.swift in Sources */,
				4BD50E3A27CFAB81000A5A4F /* RouletteArrowApp.swift in Sources */,
			);
			runOnlyForDeploymentPostprocessing = 0;
		};
		4BD50E2127CFAB81000A5A4F /* Sources */ = {
			isa = PBXSourcesBuildPhase;
			buildActionMask = 2147483647;
			files = (
				4BD50E2C27CFAB81000A5A4F /* Tests_iOSLaunchTests.swift in Sources */,
				4BD50E2A27CFAB81000A5A4F /* Tests_iOS.swift in Sources */,
			);
			runOnlyForDeploymentPostprocessing = 0;
		};
		4BD50E2D27CFAB81000A5A4F /* Sources */ = {
			isa = PBXSourcesBuildPhase;
			buildActionMask = 2147483647;
			files = (
				4BD50E3827CFAB81000A5A4F /* Tests_macOSLaunchTests.swift in Sources */,
				4BD50E3627CFAB81000A5A4F /* Tests_macOS.swift in Sources */,
			);
			runOnlyForDeploymentPostprocessing = 0;
		};
/* End PBXSourcesBuildPhase section */

/* Begin PBXTargetDependency section */
		4BD50E2727CFAB81000A5A4F /* PBXTargetDependency */ = {
			isa = PBXTargetDependency;
			target = 4BD50E1727CFAB81000A5A4F /* RouletteArrow (iOS) */;
			targetProxy = 4BD50E2627CFAB81000A5A4F /* PBXContainerItemProxy */;
		};
		4BD50E3327CFAB81000A5A4F /* PBXTargetDependency */ = {
			isa = PBXTargetDependency;
			target = 4BD50E1D27CFAB81000A5A4F /* RouletteArrow (macOS) */;
			targetProxy = 4BD50E3227CFAB81000A5A4F /* PBXContainerItemProxy */;
		};
/* End PBXTargetDependency section */

/* Begin XCBuildConfiguration section */
		4BD50E3F27CFAB81000A5A4F /* Debug */ = {
			isa = XCBuildConfiguration;
			buildSettings = {
				ALWAYS_SEARCH_USER_PATHS = NO;
				CLANG_ANALYZER_NONNULL = YES;
				CLANG_ANALYZER_NUMBER_OBJECT_CONVERSION = YES_AGGRESSIVE;
				CLANG_CXX_LANGUAGE_STANDARD = "gnu++17";
				CLANG_CXX_LIBRARY = "libc++";
				CLANG_ENABLE_MODULES = YES;
				CLANG_ENABLE_OBJC_ARC = YES;
				CLANG_ENABLE_OBJC_WEAK = YES;
				CLANG_WARN_BLOCK_CAPTURE_AUTORELEASING = YES;
				CLANG_WARN_BOOL_CONVERSION = YES;
				CLANG_WARN_COMMA = YES;
				CLANG_WARN_CONSTANT_CONVERSION = YES;
				CLANG_WARN_DEPRECATED_OBJC_IMPLEMENTATIONS = YES;
				CLANG_WARN_DIRECT_OBJC_ISA_USAGE = YES_ERROR;
				CLANG_WARN_DOCUMENTATION_COMMENTS = YES;
				CLANG_WARN_EMPTY_BODY = YES;
				CLANG_WARN_ENUM_CONVERSION = YES;
				CLANG_WARN_INFINITE_RECURSION = YES;
				CLANG_WARN_INT_CONVERSION = YES;
				CLANG_WARN_NON_LITERAL_NULL_CONVERSION = YES;
				CLANG_WARN_OBJC_IMPLICIT_RETAIN_SELF = YES;
				CLANG_WARN_OBJC_LITERAL_CONVERSION = YES;
				CLANG_WARN_OBJC_ROOT_CLASS = YES_ERROR;
				CLANG_WARN_QUOTED_INCLUDE_IN_FRAMEWORK_HEADER = YES;
				CLANG_WARN_RANGE_LOOP_ANALYSIS = YES;
				CLANG_WARN_STRICT_PROTOTYPES = YES;
				CLANG_WARN_SUSPICIOUS_MOVE = YES;
				CLANG_WARN_UNGUARDED_AVAILABILITY = YES_AGGRESSIVE;
				CLANG_WARN_UNREACHABLE_CODE = YES;
				CLANG_WARN__DUPLICATE_METHOD_MATCH = YES;
				COPY_PHASE_STRIP = NO;
				DEAD_CODE_STRIPPING = YES;
				DEBUG_INFORMATION_FORMAT = dwarf;
				ENABLE_STRICT_OBJC_MSGSEND = YES;
				ENABLE_TESTABILITY = YES;
				ENABLE_USER_SCRIPT_SANDBOXING = NO;
				GCC_C_LANGUAGE_STANDARD = gnu11;
				GCC_DYNAMIC_NO_PIC = NO;
				GCC_NO_COMMON_BLOCKS = YES;
				GCC_OPTIMIZATION_LEVEL = 0;
				GCC_PREPROCESSOR_DEFINITIONS = (
					"DEBUG=1",
					"$(inherited)",
				);
				GCC_WARN_64_TO_32_BIT_CONVERSION = YES;
				GCC_WARN_ABOUT_RETURN_TYPE = YES_ERROR;
				GCC_WARN_UNDECLARED_SELECTOR = YES;
				GCC_WARN_UNINITIALIZED_AUTOS = YES_AGGRESSIVE;
				GCC_WARN_UNUSED_FUNCTION = YES;
				GCC_WARN_UNUSED_VARIABLE = YES;
				MTL_ENABLE_DEBUG_INFO = INCLUDE_SOURCE;
				MTL_FAST_MATH = YES;
				ONLY_ACTIVE_ARCH = YES;
				SWIFT_ACTIVE_COMPILATION_CONDITIONS = DEBUG;
				SWIFT_OPTIMIZATION_LEVEL = "-Onone";
			};
			name = Debug;
		};
		4BD50E4027CFAB81000A5A4F /* Release */ = {
			isa = XCBuildConfiguration;
			buildSettings = {
				ALWAYS_SEARCH_USER_PATHS = NO;
				CLANG_ANALYZER_NONNULL = YES;
				CLANG_ANALYZER_NUMBER_OBJECT_CONVERSION = YES_AGGRESSIVE;
				CLANG_CXX_LANGUAGE_STANDARD = "gnu++17";
				CLANG_CXX_LIBRARY = "libc++";
				CLANG_ENABLE_MODULES = YES;
				CLANG_ENABLE_OBJC_ARC = YES;
				CLANG_ENABLE_OBJC_WEAK = YES;
				CLANG_WARN_BLOCK_CAPTURE_AUTORELEASING = YES;
				CLANG_WARN_BOOL_CONVERSION = YES;
				CLANG_WARN_COMMA = YES;
				CLANG_WARN_CONSTANT_CONVERSION = YES;
				CLANG_WARN_DEPRECATED_OBJC_IMPLEMENTATIONS = YES;
				CLANG_WARN_DIRECT_OBJC_ISA_USAGE = YES_ERROR;
				CLANG_WARN_DOCUMENTATION_COMMENTS = YES;
				CLANG_WARN_EMPTY_BODY = YES;
				CLANG_WARN_ENUM_CONVERSION = YES;
				CLANG_WARN_INFINITE_RECURSION = YES;
				CLANG_WARN_INT_CONVERSION = YES;
				CLANG_WARN_NON_LITERAL_NULL_CONVERSION = YES;
				CLANG_WARN_OBJC_IMPLICIT_RETAIN_SELF = YES;
				CLANG_WARN_OBJC_LITERAL_CONVERSION = YES;
				CLANG_WARN_OBJC_ROOT_CLASS = YES_ERROR;
				CLANG_WARN_QUOTED_INCLUDE_IN_FRAMEWORK_HEADER = YES;
				CLANG_WARN_RANGE_LOOP_ANALYSIS = YES;
				CLANG_WARN_STRICT_PROTOTYPES = YES;
				CLANG_WARN_SUSPICIOUS_MOVE = YES;
				CLANG_WARN_UNGUARDED_AVAILABILITY = YES_AGGRESSIVE;
				CLANG_WARN_UNREACHABLE_CODE = YES;
				CLANG_WARN__DUPLICATE_METHOD_MATCH = YES;
				COPY_PHASE_STRIP = NO;
				DEAD_CODE_STRIPPING = YES;
				DEBUG_INFORMATION_FORMAT = "dwarf-with-dsym";
				ENABLE_NS_ASSERTIONS = NO;
				ENABLE_STRICT_OBJC_MSGSEND = YES;
				ENABLE_USER_SCRIPT_SANDBOXING = NO;
				GCC_C_LANGUAGE_STANDARD = gnu11;
				GCC_NO_COMMON_BLOCKS = YES;
				GCC_WARN_64_TO_32_BIT_CONVERSION = YES;
				GCC_WARN_ABOUT_RETURN_TYPE = YES_ERROR;
				GCC_WARN_UNDECLARED_SELECTOR = YES;
				GCC_WARN_UNINITIALIZED_AUTOS = YES_AGGRESSIVE;
				GCC_WARN_UNUSED_FUNCTION = YES;
				GCC_WARN_UNUSED_VARIABLE = YES;
				MTL_ENABLE_DEBUG_INFO = NO;
				MTL_FAST_MATH = YES;
				SWIFT_COMPILATION_MODE = wholemodule;
				SWIFT_OPTIMIZATION_LEVEL = "-O";
			};
			name = Release;
		};
		4BD50E4227CFAB81000A5A4F /* Debug */ = {
			isa = XCBuildConfiguration;
			baseConfigurationReference = 927841F6BEA058B631CB2600 /* Pods-RouletteArrow (iOS).debug.xcconfig */;
			buildSettings = {
				ASSETCATALOG_COMPILER_APPICON_NAME = AppIcon;
				ASSETCATALOG_COMPILER_GLOBAL_ACCENT_COLOR_NAME = AccentColor;
				CODE_SIGN_STYLE = Automatic;
				CURRENT_PROJECT_VERSION = 1;
				DEVELOPMENT_TEAM = 2NGCBTHK5K;
				ENABLE_PREVIEWS = YES;
				GENERATE_INFOPLIST_FILE = YES;
				INFOPLIST_FILE = "RouletteArrow--iOS--Info.plist";
				INFOPLIST_KEY_LSApplicationCategoryType = "";
				INFOPLIST_KEY_UIApplicationSceneManifest_Generation = YES;
				INFOPLIST_KEY_UIApplicationSupportsIndirectInputEvents = YES;
				INFOPLIST_KEY_UILaunchScreen_Generation = YES;
				INFOPLIST_KEY_UISupportedInterfaceOrientations_iPad = "UIInterfaceOrientationPortrait UIInterfaceOrientationPortraitUpsideDown UIInterfaceOrientationLandscapeLeft UIInterfaceOrientationLandscapeRight";
				INFOPLIST_KEY_UISupportedInterfaceOrientations_iPhone = "UIInterfaceOrientationPortrait UIInterfaceOrientationLandscapeLeft UIInterfaceOrientationLandscapeRight";
				IPHONEOS_DEPLOYMENT_TARGET = 15.2;
				LD_RUNPATH_SEARCH_PATHS = (
					"$(inherited)",
					"@executable_path/Frameworks",
				);
				MARKETING_VERSION = 1.0.1;
				PRODUCT_BUNDLE_IDENTIFIER = kanbe1365.RouletteArrow;
				PRODUCT_NAME = RouletteArrow;
				SDKROOT = iphoneos;
				SWIFT_EMIT_LOC_STRINGS = YES;
				SWIFT_VERSION = 5.0;
				TARGETED_DEVICE_FAMILY = "1,2";
			};
			name = Debug;
		};
		4BD50E4327CFAB81000A5A4F /* Release */ = {
			isa = XCBuildConfiguration;
			baseConfigurationReference = DDEBFD15859C3EA408C5EC8B /* Pods-RouletteArrow (iOS).release.xcconfig */;
			buildSettings = {
				ASSETCATALOG_COMPILER_APPICON_NAME = AppIcon;
				ASSETCATALOG_COMPILER_GLOBAL_ACCENT_COLOR_NAME = AccentColor;
				CODE_SIGN_STYLE = Automatic;
				CURRENT_PROJECT_VERSION = 1;
				DEVELOPMENT_TEAM = 2NGCBTHK5K;
				ENABLE_PREVIEWS = YES;
				GENERATE_INFOPLIST_FILE = YES;
				INFOPLIST_FILE = "RouletteArrow--iOS--Info.plist";
				INFOPLIST_KEY_LSApplicationCategoryType = "";
				INFOPLIST_KEY_UIApplicationSceneManifest_Generation = YES;
				INFOPLIST_KEY_UIApplicationSupportsIndirectInputEvents = YES;
				INFOPLIST_KEY_UILaunchScreen_Generation = YES;
				INFOPLIST_KEY_UISupportedInterfaceOrientations_iPad = "UIInterfaceOrientationPortrait UIInterfaceOrientationPortraitUpsideDown UIInterfaceOrientationLandscapeLeft UIInterfaceOrientationLandscapeRight";
				INFOPLIST_KEY_UISupportedInterfaceOrientations_iPhone = "UIInterfaceOrientationPortrait UIInterfaceOrientationLandscapeLeft UIInterfaceOrientationLandscapeRight";
				IPHONEOS_DEPLOYMENT_TARGET = 15.2;
				LD_RUNPATH_SEARCH_PATHS = (
					"$(inherited)",
					"@executable_path/Frameworks",
				);
				MARKETING_VERSION = 1.0.1;
				PRODUCT_BUNDLE_IDENTIFIER = kanbe1365.RouletteArrow;
				PRODUCT_NAME = RouletteArrow;
				SDKROOT = iphoneos;
				SWIFT_EMIT_LOC_STRINGS = YES;
				SWIFT_VERSION = 5.0;
				TARGETED_DEVICE_FAMILY = "1,2";
				VALIDATE_PRODUCT = YES;
			};
			name = Release;
		};
		4BD50E4527CFAB81000A5A4F /* Debug */ = {
			isa = XCBuildConfiguration;
			baseConfigurationReference = CC614336D61ECEC576153CA7 /* Pods-RouletteArrow (macOS).debug.xcconfig */;
			buildSettings = {
				ASSETCATALOG_COMPILER_APPICON_NAME = AppIcon;
				ASSETCATALOG_COMPILER_GLOBAL_ACCENT_COLOR_NAME = AccentColor;
				CODE_SIGN_ENTITLEMENTS = macOS/macOS.entitlements;
				CODE_SIGN_IDENTITY = "-";
				CODE_SIGN_STYLE = Automatic;
				COMBINE_HIDPI_IMAGES = YES;
				CURRENT_PROJECT_VERSION = 1;
				DEAD_CODE_STRIPPING = YES;
				DEVELOPMENT_TEAM = 2NGCBTHK5K;
				ENABLE_HARDENED_RUNTIME = YES;
				ENABLE_PREVIEWS = YES;
				GENERATE_INFOPLIST_FILE = YES;
				INFOPLIST_KEY_NSHumanReadableCopyright = "";
				LD_RUNPATH_SEARCH_PATHS = (
					"$(inherited)",
					"@executable_path/../Frameworks",
				);
				MACOSX_DEPLOYMENT_TARGET = 11.6;
				MARKETING_VERSION = 1.0;
				PRODUCT_BUNDLE_IDENTIFIER = kanbe1365.RouletteArrow;
				PRODUCT_NAME = RouletteArrow;
				SDKROOT = macosx;
				SWIFT_EMIT_LOC_STRINGS = YES;
				SWIFT_VERSION = 5.0;
			};
			name = Debug;
		};
		4BD50E4627CFAB81000A5A4F /* Release */ = {
			isa = XCBuildConfiguration;
			baseConfigurationReference = 06E158E7AE798EFCCD8BD4A9 /* Pods-RouletteArrow (macOS).release.xcconfig */;
			buildSettings = {
				ASSETCATALOG_COMPILER_APPICON_NAME = AppIcon;
				ASSETCATALOG_COMPILER_GLOBAL_ACCENT_COLOR_NAME = AccentColor;
				CODE_SIGN_ENTITLEMENTS = macOS/macOS.entitlements;
				CODE_SIGN_IDENTITY = "-";
				CODE_SIGN_STYLE = Automatic;
				COMBINE_HIDPI_IMAGES = YES;
				CURRENT_PROJECT_VERSION = 1;
				DEAD_CODE_STRIPPING = YES;
				DEVELOPMENT_TEAM = 2NGCBTHK5K;
				ENABLE_HARDENED_RUNTIME = YES;
				ENABLE_PREVIEWS = YES;
				GENERATE_INFOPLIST_FILE = YES;
				INFOPLIST_KEY_NSHumanReadableCopyright = "";
				LD_RUNPATH_SEARCH_PATHS = (
					"$(inherited)",
					"@executable_path/../Frameworks",
				);
				MACOSX_DEPLOYMENT_TARGET = 11.6;
				MARKETING_VERSION = 1.0;
				PRODUCT_BUNDLE_IDENTIFIER = kanbe1365.RouletteArrow;
				PRODUCT_NAME = RouletteArrow;
				SDKROOT = macosx;
				SWIFT_EMIT_LOC_STRINGS = YES;
				SWIFT_VERSION = 5.0;
			};
			name = Release;
		};
		4BD50E4827CFAB81000A5A4F /* Debug */ = {
			isa = XCBuildConfiguration;
			buildSettings = {
				ALWAYS_EMBED_SWIFT_STANDARD_LIBRARIES = YES;
				CODE_SIGN_STYLE = Automatic;
				CURRENT_PROJECT_VERSION = 1;
				DEVELOPMENT_TEAM = 2NGCBTHK5K;
				GENERATE_INFOPLIST_FILE = YES;
				IPHONEOS_DEPLOYMENT_TARGET = 15.2;
				MARKETING_VERSION = 1.0;
				PRODUCT_BUNDLE_IDENTIFIER = "kanbe1365.Tests-iOS";
				PRODUCT_NAME = "$(TARGET_NAME)";
				SDKROOT = iphoneos;
				SWIFT_EMIT_LOC_STRINGS = NO;
				SWIFT_VERSION = 5.0;
				TARGETED_DEVICE_FAMILY = "1,2";
				TEST_TARGET_NAME = "RouletteArrow (iOS)";
			};
			name = Debug;
		};
		4BD50E4927CFAB81000A5A4F /* Release */ = {
			isa = XCBuildConfiguration;
			buildSettings = {
				ALWAYS_EMBED_SWIFT_STANDARD_LIBRARIES = YES;
				CODE_SIGN_STYLE = Automatic;
				CURRENT_PROJECT_VERSION = 1;
				DEVELOPMENT_TEAM = 2NGCBTHK5K;
				GENERATE_INFOPLIST_FILE = YES;
				IPHONEOS_DEPLOYMENT_TARGET = 15.2;
				MARKETING_VERSION = 1.0;
				PRODUCT_BUNDLE_IDENTIFIER = "kanbe1365.Tests-iOS";
				PRODUCT_NAME = "$(TARGET_NAME)";
				SDKROOT = iphoneos;
				SWIFT_EMIT_LOC_STRINGS = NO;
				SWIFT_VERSION = 5.0;
				TARGETED_DEVICE_FAMILY = "1,2";
				TEST_TARGET_NAME = "RouletteArrow (iOS)";
				VALIDATE_PRODUCT = YES;
			};
			name = Release;
		};
		4BD50E4B27CFAB81000A5A4F /* Debug */ = {
			isa = XCBuildConfiguration;
			buildSettings = {
				ALWAYS_EMBED_SWIFT_STANDARD_LIBRARIES = YES;
				CODE_SIGN_STYLE = Automatic;
				CURRENT_PROJECT_VERSION = 1;
				DEAD_CODE_STRIPPING = YES;
				DEVELOPMENT_TEAM = 2NGCBTHK5K;
				GENERATE_INFOPLIST_FILE = YES;
				MACOSX_DEPLOYMENT_TARGET = 11.6;
				MARKETING_VERSION = 1.0;
				PRODUCT_BUNDLE_IDENTIFIER = "kanbe1365.Tests-macOS";
				PRODUCT_NAME = "$(TARGET_NAME)";
				SDKROOT = macosx;
				SWIFT_EMIT_LOC_STRINGS = NO;
				SWIFT_VERSION = 5.0;
				TEST_TARGET_NAME = "RouletteArrow (macOS)";
			};
			name = Debug;
		};
		4BD50E4C27CFAB81000A5A4F /* Release */ = {
			isa = XCBuildConfiguration;
			buildSettings = {
				ALWAYS_EMBED_SWIFT_STANDARD_LIBRARIES = YES;
				CODE_SIGN_STYLE = Automatic;
				CURRENT_PROJECT_VERSION = 1;
				DEAD_CODE_STRIPPING = YES;
				DEVELOPMENT_TEAM = 2NGCBTHK5K;
				GENERATE_INFOPLIST_FILE = YES;
				MACOSX_DEPLOYMENT_TARGET = 11.6;
				MARKETING_VERSION = 1.0;
				PRODUCT_BUNDLE_IDENTIFIER = "kanbe1365.Tests-macOS";
				PRODUCT_NAME = "$(TARGET_NAME)";
				SDKROOT = macosx;
				SWIFT_EMIT_LOC_STRINGS = NO;
				SWIFT_VERSION = 5.0;
				TEST_TARGET_NAME = "RouletteArrow (macOS)";
			};
			name = Release;
		};
/* End XCBuildConfiguration section */

/* Begin XCConfigurationList section */
		4BD50E0F27CFAB7F000A5A4F /* Build configuration list for PBXProject "RouletteArrow" */ = {
			isa = XCConfigurationList;
			buildConfigurations = (
				4BD50E3F27CFAB81000A5A4F /* Debug */,
				4BD50E4027CFAB81000A5A4F /* Release */,
			);
			defaultConfigurationIsVisible = 0;
			defaultConfigurationName = Release;
		};
		4BD50E4127CFAB81000A5A4F /* Build configuration list for PBXNativeTarget "RouletteArrow (iOS)" */ = {
			isa = XCConfigurationList;
			buildConfigurations = (
				4BD50E4227CFAB81000A5A4F /* Debug */,
				4BD50E4327CFAB81000A5A4F /* Release */,
			);
			defaultConfigurationIsVisible = 0;
			defaultConfigurationName = Release;
		};
		4BD50E4427CFAB81000A5A4F /* Build configuration list for PBXNativeTarget "RouletteArrow (macOS)" */ = {
			isa = XCConfigurationList;
			buildConfigurations = (
				4BD50E4527CFAB81000A5A4F /* Debug */,
				4BD50E4627CFAB81000A5A4F /* Release */,
			);
			defaultConfigurationIsVisible = 0;
			defaultConfigurationName = Release;
		};
		4BD50E4727CFAB81000A5A4F /* Build configuration list for PBXNativeTarget "Tests iOS" */ = {
			isa = XCConfigurationList;
			buildConfigurations = (
				4BD50E4827CFAB81000A5A4F /* Debug */,
				4BD50E4927CFAB81000A5A4F /* Release */,
			);
			defaultConfigurationIsVisible = 0;
			defaultConfigurationName = Release;
		};
		4BD50E4A27CFAB81000A5A4F /* Build configuration list for PBXNativeTarget "Tests macOS" */ = {
			isa = XCConfigurationList;
			buildConfigurations = (
				4BD50E4B27CFAB81000A5A4F /* Debug */,
				4BD50E4C27CFAB81000A5A4F /* Release */,
			);
			defaultConfigurationIsVisible = 0;
			defaultConfigurationName = Release;
		};
/* End XCConfigurationList section */
	};
	rootObject = 4BD50E0C27CFAB7F000A5A4F /* Project object */;
}
